
Microsoft Visual Studio Solution File, Format Version 12.00
# Visual Studio Version 17
VisualStudioVersion = 17.3.32929.385
MinimumVisualStudioVersion = 10.0.40219.1
Project("{FAE04EC0-301F-11D3-BF4B-00C04F79EFBC}") = "n to 1", "n to 1.csproj", "{43F7C011-39D6-4FF2-B62E-636C023DAC65}"
EndProject
Global
	GlobalSection(SolutionConfigurationPlatforms) = preSolution
		Debug|Any CPU = Debug|Any CPU
		Release|Any CPU = Release|Any CPU
	EndGlobalSection
	GlobalSection(ProjectConfigurationPlatforms) = postSolution
		{43F7C011-39D6-4FF2-B62E-636C023DAC65}.Debug|Any CPU.ActiveCfg = Debug|Any CPU
		{43F7C011-39D6-4FF2-B62E-636C023DAC65}.Debug|Any CPU.Build.0 = Debug|Any CPU
		{43F7C011-39D6-4FF2-B62E-636C023DAC65}.Release|Any CPU.ActiveCfg = Release|Any CPU
		{43F7C011-39D6-4FF2-B62E-636C023DAC65}.Release|Any CPU.Build.0 = Release|Any CPU
	EndGlobalSection
	GlobalSection(SolutionProperties) = preSolution
		HideSolutionNode = FALSE
	EndGlobalSection
	GlobalSection(ExtensibilityGlobals) = postSolution
		SolutionGuid = {B132BADE-CB19-4F44-8717-C75CD504D6DB}
	EndGlobalSection
EndGlobal
